
Microsoft Visual Studio Solution File, Format Version 12.00
Project("{FAE04EC0-301F-11D3-BF4B-00C04F79EFBC}") = "WebEF", "WebEF\WebEF.csproj", "{6ABFCB24-7AF2-4D3B-BA31-760DA78999DB}"
EndProject
Global
	GlobalSection(SolutionConfigurationPlatforms) = preSolution
		Debug|Any CPU = Debug|Any CPU
		Release|Any CPU = Release|Any CPU
	EndGlobalSection
	GlobalSection(ProjectConfigurationPlatforms) = postSolution
		{6ABFCB24-7AF2-4D3B-BA31-760DA78999DB}.Debug|Any CPU.ActiveCfg = Debug|Any CPU
		{6ABFCB24-7AF2-4D3B-BA31-760DA78999DB}.Debug|Any CPU.Build.0 = Debug|Any CPU
		{6ABFCB24-7AF2-4D3B-BA31-760DA78999DB}.Release|Any CPU.ActiveCfg = Release|Any CPU
		{6ABFCB24-7AF2-4D3B-BA31-760DA78999DB}.Release|Any CPU.Build.0 = Release|Any CPU
	EndGlobalSection
EndGlobal
