
Microsoft Visual Studio Solution File, Format Version 12.00
# Visual Studio Version 16
VisualStudioVersion = 16.0.31129.286
MinimumVisualStudioVersion = 10.0.40219.1
Project("{FAE04EC0-301F-11D3-BF4B-00C04F79EFBC}") = "WA3CRUD", "WA3CRUD\WA3CRUD.csproj", "{EC88F83C-F37E-48E7-BC12-EBAA35979918}"
EndProject
Global
	GlobalSection(SolutionConfigurationPlatforms) = preSolution
		Debug|Any CPU = Debug|Any CPU
		Release|Any CPU = Release|Any CPU
	EndGlobalSection
	GlobalSection(ProjectConfigurationPlatforms) = postSolution
		{EC88F83C-F37E-48E7-BC12-EBAA35979918}.Debug|Any CPU.ActiveCfg = Debug|Any CPU
		{EC88F83C-F37E-48E7-BC12-EBAA35979918}.Debug|Any CPU.Build.0 = Debug|Any CPU
		{EC88F83C-F37E-48E7-BC12-EBAA35979918}.Release|Any CPU.ActiveCfg = Release|Any CPU
		{EC88F83C-F37E-48E7-BC12-EBAA35979918}.Release|Any CPU.Build.0 = Release|Any CPU
	EndGlobalSection
	GlobalSection(SolutionProperties) = preSolution
		HideSolutionNode = FALSE
	EndGlobalSection
	GlobalSection(ExtensibilityGlobals) = postSolution
		SolutionGuid = {253F257E-AD40-4604-9E69-B65383DD43F4}
	EndGlobalSection
EndGlobal
